
Microsoft Visual Studio Solution File, Format Version 12.00
# Visual Studio 15
VisualStudioVersion = 15.0.28307.1082
MinimumVisualStudioVersion = 10.0.40219.1
Project("{FAE04EC0-301F-11D3-BF4B-00C04F79EFBC}") = "WebApiTest", "WebApiTest\WebApiTest.csproj", "{DD5A4D46-6577-42C2-8B6C-36162D533560}"
EndProject
Project("{E53339B2-1760-4266-BCC7-CA923CBCF16C}") = "docker-compose", "docker-compose.dcproj", "{718FC04F-9F9D-4D5A-9282-E30CB87B2D50}"
EndProject
Global
	GlobalSection(SolutionConfigurationPlatforms) = preSolution
		Debug|Any CPU = Debug|Any CPU
		Release|Any CPU = Release|Any CPU
	EndGlobalSection
	GlobalSection(ProjectConfigurationPlatforms) = postSolution
		{DD5A4D46-6577-42C2-8B6C-36162D533560}.Debug|Any CPU.ActiveCfg = Debug|Any CPU
		{DD5A4D46-6577-42C2-8B6C-36162D533560}.Debug|Any CPU.Build.0 = Debug|Any CPU
		{DD5A4D46-6577-42C2-8B6C-36162D533560}.Release|Any CPU.ActiveCfg = Release|Any CPU
		{DD5A4D46-6577-42C2-8B6C-36162D533560}.Release|Any CPU.Build.0 = Release|Any CPU
		{718FC04F-9F9D-4D5A-9282-E30CB87B2D50}.Debug|Any CPU.ActiveCfg = Debug|Any CPU
		{718FC04F-9F9D-4D5A-9282-E30CB87B2D50}.Debug|Any CPU.Build.0 = Debug|Any CPU
		{718FC04F-9F9D-4D5A-9282-E30CB87B2D50}.Release|Any CPU.ActiveCfg = Release|Any CPU
		{718FC04F-9F9D-4D5A-9282-E30CB87B2D50}.Release|Any CPU.Build.0 = Release|Any CPU
	EndGlobalSection
	GlobalSection(SolutionProperties) = preSolution
		HideSolutionNode = FALSE
	EndGlobalSection
	GlobalSection(ExtensibilityGlobals) = postSolution
		SolutionGuid = {E2202C44-EC3F-42EF-9715-8613486278EC}
	EndGlobalSection
EndGlobal
